{
  "version": 4,
  "terraform_version": "1.7.5",
  "serial": 71,
  "lineage": "fa9216be-c16c-17f8-859e-3a35531b7071",
  "outputs": {},
  "resources": [
    {
      "mode": "managed",
      "type": "azurerm_application_gateway",
      "name": "appgw",
      "provider": "provider[\"registry.terraform.io/hashicorp/azurerm\"]",
      "instances": [
        {
          "schema_version": 0,
          "attributes": {
            "authentication_certificate": [],
            "autoscale_configuration": [],
            "backend_address_pool": [
              {
                "fqdns": [],
                "id": "/subscriptions/7b7e49fa-4e7f-4873-9be8-3ce6b4dc1caf/resourceGroups/et-appgw-poc/providers/Microsoft.Network/applicationGateways/appgw/backendAddressPools/appgw-backend-pool",
                "ip_addresses": [
                  "172.16.0.4"
                ],
                "name": "appgw-backend-pool"
              }
            ],
            "backend_http_settings": [
              {
                "affinity_cookie_name": "",
                "authentication_certificate": [],
                "connection_draining": [],
                "cookie_based_affinity": "Disabled",
                "host_name": "",
                "id": "/subscriptions/7b7e49fa-4e7f-4873-9be8-3ce6b4dc1caf/resourceGroups/et-appgw-poc/providers/Microsoft.Network/applicationGateways/appgw/backendHttpSettingsCollection/appgw-backend-http-settings",
                "name": "appgw-backend-http-settings",
                "path": "",
                "pick_host_name_from_backend_address": false,
                "port": 3000,
                "probe_id": "",
                "probe_name": "",
                "protocol": "Http",
                "request_timeout": 30,
                "trusted_root_certificate_names": []
              }
            ],
            "custom_error_configuration": [],
            "enable_http2": false,
            "fips_enabled": false,
            "firewall_policy_id": "",
            "force_firewall_policy_association": false,
            "frontend_ip_configuration": [
              {
                "id": "/subscriptions/7b7e49fa-4e7f-4873-9be8-3ce6b4dc1caf/resourceGroups/et-appgw-poc/providers/Microsoft.Network/applicationGateways/appgw/frontendIPConfigurations/appgw-fe-ip",
                "name": "appgw-fe-ip",
                "private_ip_address": "",
                "private_ip_address_allocation": "Dynamic",
                "private_link_configuration_id": "",
                "private_link_configuration_name": "",
                "public_ip_address_id": "/subscriptions/7b7e49fa-4e7f-4873-9be8-3ce6b4dc1caf/resourceGroups/et-appgw-poc/providers/Microsoft.Network/publicIPAddresses/appgw-public-ip",
                "subnet_id": ""
              }
            ],
            "frontend_port": [
              {
                "id": "/subscriptions/7b7e49fa-4e7f-4873-9be8-3ce6b4dc1caf/resourceGroups/et-appgw-poc/providers/Microsoft.Network/applicationGateways/appgw/frontendPorts/https-port",
                "name": "https-port",
                "port": 443
              }
            ],
            "gateway_ip_configuration": [
              {
                "id": "/subscriptions/7b7e49fa-4e7f-4873-9be8-3ce6b4dc1caf/resourceGroups/et-appgw-poc/providers/Microsoft.Network/applicationGateways/appgw/gatewayIPConfigurations/appgw-ip-config",
                "name": "appgw-ip-config",
                "subnet_id": "/subscriptions/7b7e49fa-4e7f-4873-9be8-3ce6b4dc1caf/resourceGroups/et-appgw-poc/providers/Microsoft.Network/virtualNetworks/routable-vnet/subnets/appgw-subnet"
              }
            ],
            "global": [],
            "http_listener": [
              {
                "custom_error_configuration": [],
                "firewall_policy_id": "",
                "frontend_ip_configuration_id": "/subscriptions/7b7e49fa-4e7f-4873-9be8-3ce6b4dc1caf/resourceGroups/et-appgw-poc/providers/Microsoft.Network/applicationGateways/appgw/frontendIPConfigurations/appgw-fe-ip",
                "frontend_ip_configuration_name": "appgw-fe-ip",
                "frontend_port_id": "/subscriptions/7b7e49fa-4e7f-4873-9be8-3ce6b4dc1caf/resourceGroups/et-appgw-poc/providers/Microsoft.Network/applicationGateways/appgw/frontendPorts/https-port",
                "frontend_port_name": "https-port",
                "host_name": "",
                "host_names": [],
                "id": "/subscriptions/7b7e49fa-4e7f-4873-9be8-3ce6b4dc1caf/resourceGroups/et-appgw-poc/providers/Microsoft.Network/applicationGateways/appgw/httpListeners/appgw-https-listener",
                "name": "appgw-https-listener",
                "protocol": "Https",
                "require_sni": false,
                "ssl_certificate_id": "/subscriptions/7b7e49fa-4e7f-4873-9be8-3ce6b4dc1caf/resourceGroups/et-appgw-poc/providers/Microsoft.Network/applicationGateways/appgw/sslCertificates/appgw-ssl-cert",
                "ssl_certificate_name": "appgw-ssl-cert",
                "ssl_profile_id": "",
                "ssl_profile_name": ""
              }
            ],
            "id": "/subscriptions/7b7e49fa-4e7f-4873-9be8-3ce6b4dc1caf/resourceGroups/et-appgw-poc/providers/Microsoft.Network/applicationGateways/appgw",
            "identity": [],
            "location": "eastus2",
            "name": "appgw",
            "private_endpoint_connection": [],
            "private_link_configuration": [],
            "probe": [],
            "redirect_configuration": [],
            "request_routing_rule": [
              {
                "backend_address_pool_id": "/subscriptions/7b7e49fa-4e7f-4873-9be8-3ce6b4dc1caf/resourceGroups/et-appgw-poc/providers/Microsoft.Network/applicationGateways/appgw/backendAddressPools/appgw-backend-pool",
                "backend_address_pool_name": "appgw-backend-pool",
                "backend_http_settings_id": "/subscriptions/7b7e49fa-4e7f-4873-9be8-3ce6b4dc1caf/resourceGroups/et-appgw-poc/providers/Microsoft.Network/applicationGateways/appgw/backendHttpSettingsCollection/appgw-backend-http-settings",
                "backend_http_settings_name": "appgw-backend-http-settings",
                "http_listener_id": "/subscriptions/7b7e49fa-4e7f-4873-9be8-3ce6b4dc1caf/resourceGroups/et-appgw-poc/providers/Microsoft.Network/applicationGateways/appgw/httpListeners/appgw-https-listener",
                "http_listener_name": "appgw-https-listener",
                "id": "/subscriptions/7b7e49fa-4e7f-4873-9be8-3ce6b4dc1caf/resourceGroups/et-appgw-poc/providers/Microsoft.Network/applicationGateways/appgw/requestRoutingRules/https-rule",
                "name": "https-rule",
                "priority": 9,
                "redirect_configuration_id": "",
                "redirect_configuration_name": "",
                "rewrite_rule_set_id": "",
                "rewrite_rule_set_name": "",
                "rule_type": "Basic",
                "url_path_map_id": "",
                "url_path_map_name": ""
              }
            ],
            "resource_group_name": "et-appgw-poc",
            "rewrite_rule_set": [
              {
                "id": "/subscriptions/7b7e49fa-4e7f-4873-9be8-3ce6b4dc1caf/resourceGroups/et-appgw-poc/providers/Microsoft.Network/applicationGateways/appgw/rewriteRuleSets/ET-POC-rewrite-rules",
                "name": "ET-POC-rewrite-rules",
                "rewrite_rule": [
                  {
                    "condition": [],
                    "name": "add-certificate-sn-header-rule",
                    "request_header_configuration": [
                      {
                        "header_name": "X-CLIENTCERT-SN",
                        "header_value": "{var_client_certificate_serial}"
                      }
                    ],
                    "response_header_configuration": [],
                    "rule_sequence": 200,
                    "url": []
                  },
                  {
                    "condition": [],
                    "name": "add-certificate-issuer-header-rule",
                    "request_header_configuration": [
                      {
                        "header_name": "X-CLIENTCERT-ISSUER",
                        "header_value": "{var_client_certificate_issuer}"
                      }
                    ],
                    "response_header_configuration": [],
                    "rule_sequence": 200,
                    "url": []
                  }
                ]
              }
            ],
            "sku": [
              {
                "capacity": 1,
                "name": "Standard_v2",
                "tier": "Standard_v2"
              }
            ],
            "ssl_certificate": [
              {
                "data": "MIILDgIBAzCCCsoGCSqGSIb3DQEHAaCCCrsEggq3MIIKszCCBhwGCSqGSIb3DQEHAaCCBg0EggYJMIIGBTCCBgEGCyqGSIb3DQEMCgECoIIE/jCCBPowHAYKKoZIhvcNAQwBAzAOBAh+Ne9Ra8FdWAICB9AEggTYe8uSK0I8UOrXIJ+4pqU/9Qd2ZXKUVw+f2YA3iew3KbcmpLVCnLwjBP+KKQIef0r1kKtY4lYu0QEKziGV1AkM/6q0Wr9r92G/75y1CaWIWjGF3BHrWhkFoz7XO5fX9sH/Raj0duUcv85hPGQyf+iixdI1BLpt3yiCg2SLt0hdFzP0qHRu+J+j0I1Vppz2KiGr5F9tCfTyRXbahVJwP0ociszDt7kNwEXDMAE+2Qh+oOkYnTPAas4LTlozMBCCXluF5PZfGsJzfm8lsoL0sYSMn0HHzG2R39IRRp8gUMXOz5X5pE/ll/BZlKMgZahD8iHXVjRAYi5K5IxBJq6REd8L/a/1OQkVGRzsQaGcpHqxGKqe8t/vhs0zc/rCDnW250L19vb/qXIrfF1nI4waWKuzgMMTqtngupjWeWirNof1VxMTtebAp+HMZ+0MH9iUsNIrc6MONET+jBvJnFc/SemBjbaqCi3LI8gcM3y1bM8yDyvfZR+ke8tXh9SQTUccRjETbP53bGlkuYsw+SlzzD4qDk5yMobKFt3QnwEZizxUxqzRzFPkicaMdUY2OqtMYNBYFzJ3Uo0aNq0ESLGzsa+aFrUXnZLt7gNrj1E2z/rrFtvbiaNaOuZp+n3n9MXst14vlawhj2EJYg+9YpOCjFGXYUqRAs0SqRp8vtYcGoEkwqtNeNjP1D0Nh8We2xGxgiJ1HGUnot7k+an3r3MCucXWWq5/77mEJZPUnD200BnVExa5pcte+N8MT4IFE6DSssmxhrWcndllR6IUux+QQc/Fe4AqnyzNU+2wgm3sx3jKUDhya0CRf5H86XsPVKdzcTimVUDZHXO45qRBdzOoPAGsh8h4FBeIZeAwmaUWdN6wL7USA0+kg1XAjmEEaxbk2nhi8Bi4HeiSG6Y0zRxyh5zWR86acmArnJd447R+5FpQDeX0RGe53DvT7mx7P5uKXZ6ddcOKxXxTEZZRxNVGNeAKlPfcqG/1UbjNtALWIenrw8UivbwW+c0lhQBZ1/aTVMZ/1pMv9s1/RHGcdnngOIUeJLHmZMDskBny9Z4sxNxpEX9TTWes8e+DYFFMa6l1OO9WkynDaxOiH0fvXQtO+FEzaQdVoIvaL47yXP+MWIpDjqNb+GoiIzEzO3hy0NwLn61OBSzqChZvBpyIK6dRVycpy5QcFMR1q8Rc+zacgih9qrFTlb1a7T2BrExclaUpbGzFl6v1GYrqaJ43cTw+e0ucG+B/VCW/iX7gNQOu4EG6zXP2BsJ0OL2gOdZ3G9Y4IEJLVP/niJZDa/OjSmHM4pi6iOHfN1I2/rgvWUQro5AkgLNwHVg7gmp4WfKHXg5nGeBRzi9qB7xQajq6JegmVT18rZveYa9C9KV1UxvD3X7/LUf97XczJCDvZT6yMLeybUqQbhMfYMrwrj1W4qmfjrEb9SeAHoH7reAuyWijFpKSQQ/o6f0XOX+mIAvUdtvM7+JsJv1lKxTuo5/agQ5T5jeYufp4WbT4qXNtZcJBU665RNRatdK1zlmPvwByGdrTtrzj4Hfi1pURVilg3QQpvI2pArRvPoeeof7kZslqvBagehATPeLd9SPDpZMW1p6BB4ow6dhk8pS81+LbflOvFzIWJScQ3mOHKB7GBxw4eyjc9afn+vXHaM6PnTGB7zATBgkqhkiG9w0BCRUxBgQEAQAAADBdBgkqhkiG9w0BCRQxUB5OAHQAZQAtAGEAZQBkADIAZAA3AGQAZgAtADUAZgBmADUALQA0ADYANwBmAC0AYQA1AGMAMQAtAGIANgBiADkAMQAyAGEAZgA4ADgAMAAxMHkGCSsGAQQBgjcRATFsHmoATQBpAGMAcgBvAHMAbwBmAHQAIABFAG4AaABhAG4AYwBlAGQAIABSAFMAQQAgAGEAbgBkACAAQQBFAFMAIABDAHIAeQBwAHQAbwBnAHIAYQBwAGgAaQBjACAAUAByAG8AdgBpAGQAZQByMIIEjwYJKoZIhvcNAQcGoIIEgDCCBHwCAQAwggR1BgkqhkiG9w0BBwEwHAYKKoZIhvcNAQwBAzAOBAhdwpTkbqFUcQICB9CAggRI6KYZtI5GblrJ0Ukr9nyJXG0GiBbq1NCfx0Sn+egwyaIRli89t1PnyRZybDQdUB7FuK2oW25F7XOJimJPq6lTy7TP7vVdVEtpltmbK4u6zjVYPji/Xco9hMQLlASGNf+vE7pLWPRuQtBmEGGa6LTNHAA10+or85LBMV0b2CCg8oQq4ZNU+MKiq/GAw9ETfk9448fQWwOJRgJaKvu4BDq6u40gGRNOOSSgZYFdsg+prEymgwe1vPH6YZ/S5asJUxb/zV3vZpXSjRW1LzAl7r4BKW4ASeudt9m7v22BxZvD8BNkLasAx21rkMxqz5sSobvpY6FV0HwzK4YnKS+IVBAEyJEXx5fmi68M5uVNcnKhs6/0wXMpt/1bFLCb5Z+Ogr5/QqJw3HOtjph7X375sNOKjt7Yo/eYVVCLDjKVUhGtMddRa2638xkO0L9WnwcGT+zY82MsTIBeQPo1lxy5XYccPcwoLeNiO81a0nN4bU3JeGNe//fsjPVlCPfeYrsjBFKnn6n6xG7/7o/2SpatvazV5m3hi0tZR4MF5cEpHTuHtH3VJb5awBjewYmdYjACposVzC0DJNL9oSC80/ZfxAkvt2o8uZM2T1qa1NxPU535ycU9SFgu1vW9oNNFgbk34tFRfR1p9kTICR6uC/IVZ8VlcynA/d7jROStcz0uvlkuLOZRrJAvgzKTnvZves6EllqFGcK6agTRWrUDLi+s5SEbLfLlDK+Akt7Do6hPQH8QiXrVL/9t0ndpktUuHSbXUkDr8B+9kEamoUmPyDqT4Rhlua3YIqQwuwA8kTwJftMFaqzJ6r5vfuHSFprbb8JQAsv9co8hXO21zbw6wsdsJ7F1mH8ZCeIUeyFy5eQeeNEj7eLlHqwfkOr1MSUnpFjRJywTOE3DRn9yYOqpAFdz5FXdfQwR8PVk4wIJBOW3JCgDPNh6lBB5ajFzs/NLJgANCxIAbIkC9sCoFAb0EppR/HQ7p1FJff6YbiJk4/9Al+du6mpLRjZCdA8oqTF0a/Ludo1CgFu8+5BfATdK5eVYI8PBkqq5TqmuOIQAemxVelmMxNEtdT5MnVzSSf9b3v4A4QhLuKsdZZ8ouukvSBqLqiejGWEoKFOqW7nmy2sr/HVgbdl3uq7Ww+Cz4PNPb17+PhD58w5VAV9hXrNq/ObCcnmRifZ9UkU4GJCjQX4LRTILriaqK/z7/D1Ohk0U5K4XjO63OdOeYcIYnhojgNV2dKuaMJt9nPx3ZTpPO1P6pCuHgalQGYmgLIj1ef8cN+fT6T4eNgmFK5OX+GC+PiTwuybz61dl+D4XSXuPm9QuMVnO9sG+arGfPL31xMkFQb6pAtDEfQmK8KiCCjQljOydXDLVFE/KS9Nq90eLcRUQld5QepJpMOznOiPWwNOLQWHrOaP9mxjXnzGdXGJePHILmxJTmFXUfvFP23cYwlDW+Wnggo7EY0pH1i0ebzA7MB8wBwYFKw4DAhoEFLr3enxBtCtpYwm5yqOgtRDX1oGABBT2eG+1UHPAA8dyKAyW69gB26pwTAICB9A=",
                "id": "/subscriptions/7b7e49fa-4e7f-4873-9be8-3ce6b4dc1caf/resourceGroups/et-appgw-poc/providers/Microsoft.Network/applicationGateways/appgw/sslCertificates/appgw-ssl-cert",
                "key_vault_secret_id": "",
                "name": "appgw-ssl-cert",
                "password": "myappgwpoc",
                "public_cert_data": "MIIDtwYJKoZIhvcNAQcCoIIDqDCCA6QCAQExADALBgkqhkiG9w0BBwGgggOMMIIDiDCCAnCgAwIBAgIQat5hVE1X8bdLonxhaDpPrDANBgkqhkiG9w0BAQsFADA2MQswCQYDVQQGEwJJTjEOMAwGA1UECgwFRVRQT0MxFzAVBgNVBAMMDm15YXBwZ3dwb2MuY29tMB4XDTI1MDYyMjA2NDgzOFoXDTI3MDYyMjA2NDgzOFowNjELMAkGA1UEBhMCSU4xDjAMBgNVBAoMBUVUUE9DMRcwFQYDVQQDDA5teWFwcGd3cG9jLmNvbTCCASIwDQYJKoZIhvcNAQEBBQADggEPADCCAQoCggEBALBlBnsJPLPZtuGWuMc7e+5PAfFiGuNHdm+F8KHkdCJqRvD53Jhh9fgBLBs0F8KeUlldkP47urVLVKFq0YJbi+umTRf3dF8U9py1FDf/HasJvttHpenvYJaQAP/8wxgelbhiEfkt/H+fL4pDaCZ4LEFX/CbZyCmdyBX2IvH0iDNICZJBCUO+vKbMPj1OQjQ5E0VEotU9HNseuZT/AiWSJD1npLNcnp5rZHhmbFzBwlfhE5qL6BG8zmU5ETfBv7lurbn3yMQp2vxXsCAakueliWv4Amfws9yNBAVPx6YgJsJfrhcL81p9jGr0AzCXEzd2UGaGOanSU+JdMpKiCwTNwkkCAwEAAaOBkTCBjjAOBgNVHQ8BAf8EBAMCBaAwHQYDVR0lBBYwFAYIKwYBBQUHAwIGCCsGAQUFBwMBMC0GA1UdEQQmMCSCDm15YXBwZ3dwb2MuY29tghJ3d3cubXlhcHBnd3BvYy5jb20wDwYDVR0TAQH/BAUwAwEB/zAdBgNVHQ4EFgQUkQfiEWmHTIYqt1/22hkh/3/LT6kwDQYJKoZIhvcNAQELBQADggEBAFBw2iQu3wUIc22C4ZEd5kyfZI7fdT9dXnP1amsDI5nrgRfy1MQuUBSIsMHD4oGJT+zCRemU7DwbXg5E1Fp8VaMFSq6qhJCXFHRe/ewsEzkzMKmjwaHq5zGTPv8uH+F8o0hFsmLmvJIcrHkUGwQBH4STSWXqUvLxkDrIHYPsyiWzN3R0QvxQH0ZrULQaMmEUCws4VzOp7enEYCIrhHOIO84HU7SGy0Dknc/frPF9Wiad2q+kvjg/ssxB8W9JUpRLgCj6/3tQnp4cTdDygyOwucRKoMHdO27eQ1p07jX4CYnDuR2La+C8T1d79zRR7J1E63hvO1qkEG+tigyf8l9K+IkxAA=="
              }
            ],
            "ssl_policy": [
              {
                "cipher_suites": [],
                "disabled_protocols": [],
                "min_protocol_version": "",
                "policy_name": "AppGwSslPolicy20220101",
                "policy_type": "Predefined"
              }
            ],
            "ssl_profile": [
              {
                "id": "/subscriptions/7b7e49fa-4e7f-4873-9be8-3ce6b4dc1caf/resourceGroups/et-appgw-poc/providers/Microsoft.Network/applicationGateways/appgw/sslProfiles/appgw-ssl-profile",
                "name": "appgw-ssl-profile",
                "ssl_policy": [],
                "trusted_client_certificate_names": [
                  "trusted-root-certificate"
                ],
                "verify_client_cert_issuer_dn": true,
                "verify_client_certificate_revocation": ""
              }
            ],
            "tags": {},
            "timeouts": null,
            "trusted_client_certificate": [
              {
                "data": "LS0tLS1CRUdJTiBDRVJUSUZJQ0FURS0tLS0tDQpNSUlEaURDQ0FuQ2dBd0lCQWdJUWF0NWhWRTFYOGJkTG9ueGhhRHBQckRBTkJna3Foa2lHOXcwQkFRc0ZBREEyDQpNUXN3Q1FZRFZRUUdFd0pKVGpFT01Bd0dBMVVFQ2d3RlJWUlFUME14RnpBVkJnTlZCQU1NRG0xNVlYQndaM2R3DQpiMk11WTI5dE1CNFhEVEkxTURZeU1qQTJORGd6T0ZvWERUSTNNRFl5TWpBMk5EZ3pPRm93TmpFTE1Ba0dBMVVFDQpCaE1DU1U0eERqQU1CZ05WQkFvTUJVVlVVRTlETVJjd0ZRWURWUVFEREE1dGVXRndjR2QzY0c5akxtTnZiVENDDQpBU0l3RFFZSktvWklodmNOQVFFQkJRQURnZ0VQQURDQ0FRb0NnZ0VCQUxCbEJuc0pQTFBadHVHV3VNYzdlKzVQDQpBZkZpR3VOSGRtK0Y4S0hrZENKcVJ2RDUzSmhoOWZnQkxCczBGOEtlVWxsZGtQNDd1clZMVktGcTBZSmJpK3VtDQpUUmYzZEY4VTlweTFGRGYvSGFzSnZ0dEhwZW52WUphUUFQLzh3eGdlbGJoaUVma3QvSCtmTDRwRGFDWjRMRUZYDQovQ2JaeUNtZHlCWDJJdkgwaUROSUNaSkJDVU8rdktiTVBqMU9RalE1RTBWRW90VTlITnNldVpUL0FpV1NKRDFuDQpwTE5jbnA1clpIaG1iRnpCd2xmaEU1cUw2Qkc4em1VNUVUZkJ2N2x1cmJuM3lNUXAydnhYc0NBYWt1ZWxpV3Y0DQpBbWZ3czl5TkJBVlB4NllnSnNKZnJoY0w4MXA5akdyMEF6Q1hFemQyVUdhR09hblNVK0pkTXBLaUN3VE53a2tDDQpBd0VBQWFPQmtUQ0JqakFPQmdOVkhROEJBZjhFQkFNQ0JhQXdIUVlEVlIwbEJCWXdGQVlJS3dZQkJRVUhBd0lHDQpDQ3NHQVFVRkJ3TUJNQzBHQTFVZEVRUW1NQ1NDRG0xNVlYQndaM2R3YjJNdVkyOXRnaEozZDNjdWJYbGhjSEJuDQpkM0J2WXk1amIyMHdEd1lEVlIwVEFRSC9CQVV3QXdFQi96QWRCZ05WSFE0RUZnUVVrUWZpRVdtSFRJWXF0MS8yDQoyaGtoLzMvTFQ2a3dEUVlKS29aSWh2Y05BUUVMQlFBRGdnRUJBRkJ3MmlRdTN3VUljMjJDNFpFZDVreWZaSTdmDQpkVDlkWG5QMWFtc0RJNW5yZ1JmeTFNUXVVQlNJc01IRDRvR0pUK3pDUmVtVTdEd2JYZzVFMUZwOFZhTUZTcTZxDQpoSkNYRkhSZS9ld3NFemt6TUttandhSHE1ekdUUHY4dUgrRjhvMGhGc21MbXZKSWNySGtVR3dRQkg0U1RTV1hxDQpVdkx4a0RySUhZUHN5aVd6TjNSMFF2eFFIMFpyVUxRYU1tRVVDd3M0VnpPcDdlbkVZQ0lyaEhPSU84NEhVN1NHDQp5MERrbmMvZnJQRjlXaWFkMnEra3ZqZy9zc3hCOFc5SlVwUkxnQ2o2LzN0UW5wNGNUZER5Z3lPd3VjUktvTUhkDQpPMjdlUTFwMDdqWDRDWW5EdVIyTGErQzhUMWQ3OXpSUjdKMUU2M2h2TzFxa0VHK3RpZ3lmOGw5SytJaz0NCi0tLS0tRU5EIENFUlRJRklDQVRFLS0tLS0NCg==",
                "id": "/subscriptions/7b7e49fa-4e7f-4873-9be8-3ce6b4dc1caf/resourceGroups/et-appgw-poc/providers/Microsoft.Network/applicationGateways/appgw/trustedClientCertificates/trusted-root-certificate",
                "name": "trusted-root-certificate"
              }
            ],
            "trusted_root_certificate": [],
            "url_path_map": [],
            "waf_configuration": [],
            "zones": []
          },
          "sensitive_attributes": [],
          "private": "eyJlMmJmYjczMC1lY2FhLTExZTYtOGY4OC0zNDM2M2JjN2M0YzAiOnsiY3JlYXRlIjo1NDAwMDAwMDAwMDAwLCJkZWxldGUiOjU0MDAwMDAwMDAwMDAsInJlYWQiOjMwMDAwMDAwMDAwMCwidXBkYXRlIjo1NDAwMDAwMDAwMDAwfX0=",
          "dependencies": [
            "azurerm_public_ip.appgw_public_ip",
            "azurerm_resource_group.main",
            "azurerm_subnet.appgw_subnet",
            "azurerm_virtual_network.routable_vnet"
          ]
        }
      ]
    },
    {
      "mode": "managed",
      "type": "azurerm_lb",
      "name": "workload_lb",
      "provider": "provider[\"registry.terraform.io/hashicorp/azurerm\"]",
      "instances": [
        {
          "schema_version": 0,
          "attributes": {
            "edge_zone": "",
            "frontend_ip_configuration": [
              {
                "gateway_load_balancer_frontend_ip_configuration_id": "",
                "id": "/subscriptions/7b7e49fa-4e7f-4873-9be8-3ce6b4dc1caf/resourceGroups/et-appgw-poc/providers/Microsoft.Network/loadBalancers/workload-lb/frontendIPConfigurations/workload-lb-frontend",
                "inbound_nat_rules": [
                  "/subscriptions/7b7e49fa-4e7f-4873-9be8-3ce6b4dc1caf/resourceGroups/et-appgw-poc/providers/Microsoft.Network/loadBalancers/workload-lb/inboundNatRules/rdp-nat"
                ],
                "load_balancer_rules": [],
                "name": "workload-lb-frontend",
                "outbound_rules": [
                  "/subscriptions/7b7e49fa-4e7f-4873-9be8-3ce6b4dc1caf/resourceGroups/et-appgw-poc/providers/Microsoft.Network/loadBalancers/workload-lb/outboundRules/outbound_rule"
                ],
                "private_ip_address": "",
                "private_ip_address_allocation": "Dynamic",
                "private_ip_address_version": "",
                "public_ip_address_id": "/subscriptions/7b7e49fa-4e7f-4873-9be8-3ce6b4dc1caf/resourceGroups/et-appgw-poc/providers/Microsoft.Network/publicIPAddresses/workload-lb-public-ip",
                "public_ip_prefix_id": "",
                "subnet_id": "",
                "zones": []
              }
            ],
            "id": "/subscriptions/7b7e49fa-4e7f-4873-9be8-3ce6b4dc1caf/resourceGroups/et-appgw-poc/providers/Microsoft.Network/loadBalancers/workload-lb",
            "location": "eastus2",
            "name": "workload-lb",
            "private_ip_address": "",
            "private_ip_addresses": [],
            "resource_group_name": "et-appgw-poc",
            "sku": "Standard",
            "sku_tier": "Regional",
            "tags": {},
            "timeouts": null
          },
          "sensitive_attributes": [],
          "private": "eyJlMmJmYjczMC1lY2FhLTExZTYtOGY4OC0zNDM2M2JjN2M0YzAiOnsiY3JlYXRlIjoxODAwMDAwMDAwMDAwLCJkZWxldGUiOjE4MDAwMDAwMDAwMDAsInJlYWQiOjMwMDAwMDAwMDAwMCwidXBkYXRlIjoxODAwMDAwMDAwMDAwfX0=",
          "dependencies": [
            "azurerm_public_ip.workload_lb_public_ip",
            "azurerm_resource_group.main"
          ]
        }
      ]
    },
    {
      "mode": "managed",
      "type": "azurerm_lb_backend_address_pool",
      "name": "workload_lb_backend_pool",
      "provider": "provider[\"registry.terraform.io/hashicorp/azurerm\"]",
      "instances": [
        {
          "schema_version": 0,
          "attributes": {
            "backend_ip_configurations": [
              "/subscriptions/7b7e49fa-4e7f-4873-9be8-3ce6b4dc1caf/resourceGroups/et-appgw-poc/providers/Microsoft.Network/networkInterfaces/windows-web-nic/ipConfigurations/internal"
            ],
            "id": "/subscriptions/7b7e49fa-4e7f-4873-9be8-3ce6b4dc1caf/resourceGroups/et-appgw-poc/providers/Microsoft.Network/loadBalancers/workload-lb/backendAddressPools/workload-lb-backend-pool",
            "inbound_nat_rules": [
              "/subscriptions/7b7e49fa-4e7f-4873-9be8-3ce6b4dc1caf/resourceGroups/et-appgw-poc/providers/Microsoft.Network/loadBalancers/workload-lb/inboundNatRules/rdp-nat"
            ],
            "load_balancing_rules": [],
            "loadbalancer_id": "/subscriptions/7b7e49fa-4e7f-4873-9be8-3ce6b4dc1caf/resourceGroups/et-appgw-poc/providers/Microsoft.Network/loadBalancers/workload-lb",
            "name": "workload-lb-backend-pool",
            "outbound_rules": [
              "/subscriptions/7b7e49fa-4e7f-4873-9be8-3ce6b4dc1caf/resourceGroups/et-appgw-poc/providers/Microsoft.Network/loadBalancers/workload-lb/outboundRules/outbound_rule"
            ],
            "synchronous_mode": "",
            "timeouts": null,
            "tunnel_interface": [],
            "virtual_network_id": ""
          },
          "sensitive_attributes": [],
          "private": "eyJlMmJmYjczMC1lY2FhLTExZTYtOGY4OC0zNDM2M2JjN2M0YzAiOnsiY3JlYXRlIjoxODAwMDAwMDAwMDAwLCJkZWxldGUiOjE4MDAwMDAwMDAwMDAsInJlYWQiOjMwMDAwMDAwMDAwMCwidXBkYXRlIjoxODAwMDAwMDAwMDAwfX0=",
          "dependencies": [
            "azurerm_lb.workload_lb",
            "azurerm_public_ip.workload_lb_public_ip",
            "azurerm_resource_group.main"
          ]
        }
      ]
    },
    {
      "mode": "managed",
      "type": "azurerm_lb_probe",
      "name": "workload_lb_probe",
      "provider": "provider[\"registry.terraform.io/hashicorp/azurerm\"]",
      "instances": [
        {
          "schema_version": 0,
          "attributes": {
            "id": "/subscriptions/7b7e49fa-4e7f-4873-9be8-3ce6b4dc1caf/resourceGroups/et-appgw-poc/providers/Microsoft.Network/loadBalancers/workload-lb/probes/workload-lb-probe",
            "interval_in_seconds": 15,
            "load_balancer_rules": [],
            "loadbalancer_id": "/subscriptions/7b7e49fa-4e7f-4873-9be8-3ce6b4dc1caf/resourceGroups/et-appgw-poc/providers/Microsoft.Network/loadBalancers/workload-lb",
            "name": "workload-lb-probe",
            "number_of_probes": 2,
            "port": 80,
            "probe_threshold": 1,
            "protocol": "Tcp",
            "request_path": "",
            "timeouts": null
          },
          "sensitive_attributes": [],
          "private": "eyJlMmJmYjczMC1lY2FhLTExZTYtOGY4OC0zNDM2M2JjN2M0YzAiOnsiY3JlYXRlIjoxODAwMDAwMDAwMDAwLCJkZWxldGUiOjE4MDAwMDAwMDAwMDAsInJlYWQiOjMwMDAwMDAwMDAwMCwidXBkYXRlIjoxODAwMDAwMDAwMDAwfX0=",
          "dependencies": [
            "azurerm_lb.workload_lb",
            "azurerm_public_ip.workload_lb_public_ip",
            "azurerm_resource_group.main"
          ]
        }
      ]
    },
    {
      "mode": "managed",
      "type": "azurerm_network_interface",
      "name": "windows_web_nic",
      "provider": "provider[\"registry.terraform.io/hashicorp/azurerm\"]",
      "instances": [
        {
          "schema_version": 0,
          "attributes": {
            "accelerated_networking_enabled": false,
            "applied_dns_servers": [],
            "auxiliary_mode": "",
            "auxiliary_sku": "",
            "dns_servers": [],
            "edge_zone": "",
            "id": "/subscriptions/7b7e49fa-4e7f-4873-9be8-3ce6b4dc1caf/resourceGroups/et-appgw-poc/providers/Microsoft.Network/networkInterfaces/windows-web-nic",
            "internal_dns_name_label": "",
            "internal_domain_name_suffix": "o5fgo4aoctyu3phu5xbtj4u1lc.cx.internal.cloudapp.net",
            "ip_configuration": [
              {
                "gateway_load_balancer_frontend_ip_configuration_id": "",
                "name": "internal",
                "primary": true,
                "private_ip_address": "172.16.0.4",
                "private_ip_address_allocation": "Dynamic",
                "private_ip_address_version": "IPv4",
                "public_ip_address_id": "",
                "subnet_id": "/subscriptions/7b7e49fa-4e7f-4873-9be8-3ce6b4dc1caf/resourceGroups/et-appgw-poc/providers/Microsoft.Network/virtualNetworks/internal-vnet/subnets/app-subnet"
              }
            ],
            "ip_forwarding_enabled": false,
            "location": "eastus2",
            "mac_address": "7C-1E-52-A2-A8-9E",
            "name": "windows-web-nic",
            "private_ip_address": "172.16.0.4",
            "private_ip_addresses": [
              "172.16.0.4"
            ],
            "resource_group_name": "et-appgw-poc",
            "tags": {},
            "timeouts": null,
            "virtual_machine_id": "/subscriptions/7b7e49fa-4e7f-4873-9be8-3ce6b4dc1caf/resourceGroups/et-appgw-poc/providers/Microsoft.Compute/virtualMachines/windows-web-server"
          },
          "sensitive_attributes": [],
          "private": "eyJlMmJmYjczMC1lY2FhLTExZTYtOGY4OC0zNDM2M2JjN2M0YzAiOnsiY3JlYXRlIjoxODAwMDAwMDAwMDAwLCJkZWxldGUiOjE4MDAwMDAwMDAwMDAsInJlYWQiOjMwMDAwMDAwMDAwMCwidXBkYXRlIjoxODAwMDAwMDAwMDAwfX0=",
          "dependencies": [
            "azurerm_resource_group.main",
            "azurerm_subnet.app_subnet",
            "azurerm_virtual_network.internal_vnet"
          ]
        }
      ]
    },
    {
      "mode": "managed",
      "type": "azurerm_network_security_group",
      "name": "app_nsg",
      "provider": "provider[\"registry.terraform.io/hashicorp/azurerm\"]",
      "instances": [
        {
          "schema_version": 0,
          "attributes": {
            "id": "/subscriptions/7b7e49fa-4e7f-4873-9be8-3ce6b4dc1caf/resourceGroups/et-appgw-poc/providers/Microsoft.Network/networkSecurityGroups/workload-nsg",
            "location": "eastus2",
            "name": "workload-nsg",
            "resource_group_name": "et-appgw-poc",
            "security_rule": [
              {
                "access": "Allow",
                "description": "",
                "destination_address_prefix": "*",
                "destination_address_prefixes": [],
                "destination_application_security_group_ids": [],
                "destination_port_range": "3389",
                "destination_port_ranges": [],
                "direction": "Inbound",
                "name": "AllowRDP",
                "priority": 110,
                "protocol": "Tcp",
                "source_address_prefix": "*",
                "source_address_prefixes": [],
                "source_application_security_group_ids": [],
                "source_port_range": "*",
                "source_port_ranges": []
              },
              {
                "access": "Allow",
                "description": "",
                "destination_address_prefix": "*",
                "destination_address_prefixes": [],
                "destination_application_security_group_ids": [],
                "destination_port_range": "80",
                "destination_port_ranges": [],
                "direction": "Inbound",
                "name": "AllowHTTP",
                "priority": 100,
                "protocol": "Tcp",
                "source_address_prefix": "*",
                "source_address_prefixes": [],
                "source_application_security_group_ids": [],
                "source_port_range": "*",
                "source_port_ranges": []
              }
            ],
            "tags": {},
            "timeouts": null
          },
          "sensitive_attributes": [],
          "private": "eyJlMmJmYjczMC1lY2FhLTExZTYtOGY4OC0zNDM2M2JjN2M0YzAiOnsiY3JlYXRlIjoxODAwMDAwMDAwMDAwLCJkZWxldGUiOjE4MDAwMDAwMDAwMDAsInJlYWQiOjMwMDAwMDAwMDAwMCwidXBkYXRlIjoxODAwMDAwMDAwMDAwfX0=",
          "dependencies": [
            "azurerm_resource_group.main"
          ]
        }
      ]
    },
    {
      "mode": "managed",
      "type": "azurerm_public_ip",
      "name": "appgw_public_ip",
      "provider": "provider[\"registry.terraform.io/hashicorp/azurerm\"]",
      "instances": [
        {
          "schema_version": 0,
          "attributes": {
            "allocation_method": "Static",
            "ddos_protection_mode": "VirtualNetworkInherited",
            "ddos_protection_plan_id": null,
            "domain_name_label": null,
            "edge_zone": "",
            "fqdn": null,
            "id": "/subscriptions/7b7e49fa-4e7f-4873-9be8-3ce6b4dc1caf/resourceGroups/et-appgw-poc/providers/Microsoft.Network/publicIPAddresses/appgw-public-ip",
            "idle_timeout_in_minutes": 4,
            "ip_address": "135.119.184.167",
            "ip_tags": {},
            "ip_version": "IPv4",
            "location": "eastus2",
            "name": "appgw-public-ip",
            "public_ip_prefix_id": null,
            "resource_group_name": "et-appgw-poc",
            "reverse_fqdn": null,
            "sku": "Standard",
            "sku_tier": "Regional",
            "tags": {},
            "timeouts": null,
            "zones": []
          },
          "sensitive_attributes": [],
          "private": "eyJlMmJmYjczMC1lY2FhLTExZTYtOGY4OC0zNDM2M2JjN2M0YzAiOnsiY3JlYXRlIjoxODAwMDAwMDAwMDAwLCJkZWxldGUiOjE4MDAwMDAwMDAwMDAsInJlYWQiOjMwMDAwMDAwMDAwMCwidXBkYXRlIjoxODAwMDAwMDAwMDAwfX0=",
          "dependencies": [
            "azurerm_resource_group.main"
          ]
        }
      ]
    },
    {
      "mode": "managed",
      "type": "azurerm_public_ip",
      "name": "workload_lb_public_ip",
      "provider": "provider[\"registry.terraform.io/hashicorp/azurerm\"]",
      "instances": [
        {
          "schema_version": 0,
          "attributes": {
            "allocation_method": "Static",
            "ddos_protection_mode": "VirtualNetworkInherited",
            "ddos_protection_plan_id": null,
            "domain_name_label": null,
            "edge_zone": "",
            "fqdn": null,
            "id": "/subscriptions/7b7e49fa-4e7f-4873-9be8-3ce6b4dc1caf/resourceGroups/et-appgw-poc/providers/Microsoft.Network/publicIPAddresses/workload-lb-public-ip",
            "idle_timeout_in_minutes": 4,
            "ip_address": "172.176.90.12",
            "ip_tags": {},
            "ip_version": "IPv4",
            "location": "eastus2",
            "name": "workload-lb-public-ip",
            "public_ip_prefix_id": null,
            "resource_group_name": "et-appgw-poc",
            "reverse_fqdn": null,
            "sku": "Standard",
            "sku_tier": "Regional",
            "tags": {},
            "timeouts": null,
            "zones": []
          },
          "sensitive_attributes": [],
          "private": "eyJlMmJmYjczMC1lY2FhLTExZTYtOGY4OC0zNDM2M2JjN2M0YzAiOnsiY3JlYXRlIjoxODAwMDAwMDAwMDAwLCJkZWxldGUiOjE4MDAwMDAwMDAwMDAsInJlYWQiOjMwMDAwMDAwMDAwMCwidXBkYXRlIjoxODAwMDAwMDAwMDAwfX0=",
          "dependencies": [
            "azurerm_resource_group.main"
          ]
        }
      ]
    },
    {
      "mode": "managed",
      "type": "azurerm_resource_group",
      "name": "main",
      "provider": "provider[\"registry.terraform.io/hashicorp/azurerm\"]",
      "instances": [
        {
          "schema_version": 0,
          "attributes": {
            "id": "/subscriptions/7b7e49fa-4e7f-4873-9be8-3ce6b4dc1caf/resourceGroups/et-appgw-poc",
            "location": "eastus2",
            "managed_by": "",
            "name": "et-appgw-poc",
            "tags": {},
            "timeouts": null
          },
          "sensitive_attributes": [],
          "private": "eyJlMmJmYjczMC1lY2FhLTExZTYtOGY4OC0zNDM2M2JjN2M0YzAiOnsiY3JlYXRlIjo1NDAwMDAwMDAwMDAwLCJkZWxldGUiOjU0MDAwMDAwMDAwMDAsInJlYWQiOjMwMDAwMDAwMDAwMCwidXBkYXRlIjo1NDAwMDAwMDAwMDAwfX0="
        }
      ]
    },
    {
      "mode": "managed",
      "type": "azurerm_subnet",
      "name": "app_subnet",
      "provider": "provider[\"registry.terraform.io/hashicorp/azurerm\"]",
      "instances": [
        {
          "schema_version": 0,
          "attributes": {
            "address_prefixes": [
              "172.16.0.0/24"
            ],
            "default_outbound_access_enabled": true,
            "delegation": [],
            "id": "/subscriptions/7b7e49fa-4e7f-4873-9be8-3ce6b4dc1caf/resourceGroups/et-appgw-poc/providers/Microsoft.Network/virtualNetworks/internal-vnet/subnets/app-subnet",
            "name": "app-subnet",
            "private_endpoint_network_policies": "Disabled",
            "private_link_service_network_policies_enabled": true,
            "resource_group_name": "et-appgw-poc",
            "service_endpoint_policy_ids": [],
            "service_endpoints": [],
            "timeouts": null,
            "virtual_network_name": "internal-vnet"
          },
          "sensitive_attributes": [],
          "private": "eyJlMmJmYjczMC1lY2FhLTExZTYtOGY4OC0zNDM2M2JjN2M0YzAiOnsiY3JlYXRlIjoxODAwMDAwMDAwMDAwLCJkZWxldGUiOjE4MDAwMDAwMDAwMDAsInJlYWQiOjMwMDAwMDAwMDAwMCwidXBkYXRlIjoxODAwMDAwMDAwMDAwfX0=",
          "dependencies": [
            "azurerm_resource_group.main",
            "azurerm_virtual_network.internal_vnet"
          ]
        }
      ]
    },
    {
      "mode": "managed",
      "type": "azurerm_subnet",
      "name": "appgw_subnet",
      "provider": "provider[\"registry.terraform.io/hashicorp/azurerm\"]",
      "instances": [
        {
          "schema_version": 0,
          "attributes": {
            "address_prefixes": [
              "10.0.1.0/24"
            ],
            "default_outbound_access_enabled": true,
            "delegation": [],
            "id": "/subscriptions/7b7e49fa-4e7f-4873-9be8-3ce6b4dc1caf/resourceGroups/et-appgw-poc/providers/Microsoft.Network/virtualNetworks/routable-vnet/subnets/appgw-subnet",
            "name": "appgw-subnet",
            "private_endpoint_network_policies": "Disabled",
            "private_link_service_network_policies_enabled": true,
            "resource_group_name": "et-appgw-poc",
            "service_endpoint_policy_ids": [],
            "service_endpoints": [],
            "timeouts": null,
            "virtual_network_name": "routable-vnet"
          },
          "sensitive_attributes": [],
          "private": "eyJlMmJmYjczMC1lY2FhLTExZTYtOGY4OC0zNDM2M2JjN2M0YzAiOnsiY3JlYXRlIjoxODAwMDAwMDAwMDAwLCJkZWxldGUiOjE4MDAwMDAwMDAwMDAsInJlYWQiOjMwMDAwMDAwMDAwMCwidXBkYXRlIjoxODAwMDAwMDAwMDAwfX0=",
          "dependencies": [
            "azurerm_resource_group.main",
            "azurerm_virtual_network.routable_vnet"
          ]
        }
      ]
    },
    {
      "mode": "managed",
      "type": "azurerm_subnet",
      "name": "workload_subnet",
      "provider": "provider[\"registry.terraform.io/hashicorp/azurerm\"]",
      "instances": [
        {
          "schema_version": 0,
          "attributes": {
            "address_prefixes": [
              "10.0.2.0/24"
            ],
            "default_outbound_access_enabled": true,
            "delegation": [],
            "id": "/subscriptions/7b7e49fa-4e7f-4873-9be8-3ce6b4dc1caf/resourceGroups/et-appgw-poc/providers/Microsoft.Network/virtualNetworks/routable-vnet/subnets/workload-subnet",
            "name": "workload-subnet",
            "private_endpoint_network_policies": "Disabled",
            "private_link_service_network_policies_enabled": true,
            "resource_group_name": "et-appgw-poc",
            "service_endpoint_policy_ids": [],
            "service_endpoints": [],
            "timeouts": null,
            "virtual_network_name": "routable-vnet"
          },
          "sensitive_attributes": [],
          "private": "eyJlMmJmYjczMC1lY2FhLTExZTYtOGY4OC0zNDM2M2JjN2M0YzAiOnsiY3JlYXRlIjoxODAwMDAwMDAwMDAwLCJkZWxldGUiOjE4MDAwMDAwMDAwMDAsInJlYWQiOjMwMDAwMDAwMDAwMCwidXBkYXRlIjoxODAwMDAwMDAwMDAwfX0=",
          "dependencies": [
            "azurerm_resource_group.main",
            "azurerm_virtual_network.routable_vnet"
          ]
        }
      ]
    },
    {
      "mode": "managed",
      "type": "azurerm_subnet_network_security_group_association",
      "name": "workload_subnet_nsg_assoc",
      "provider": "provider[\"registry.terraform.io/hashicorp/azurerm\"]",
      "instances": [
        {
          "schema_version": 0,
          "attributes": {
            "id": "/subscriptions/7b7e49fa-4e7f-4873-9be8-3ce6b4dc1caf/resourceGroups/et-appgw-poc/providers/Microsoft.Network/virtualNetworks/internal-vnet/subnets/app-subnet",
            "network_security_group_id": "/subscriptions/7b7e49fa-4e7f-4873-9be8-3ce6b4dc1caf/resourceGroups/et-appgw-poc/providers/Microsoft.Network/networkSecurityGroups/workload-nsg",
            "subnet_id": "/subscriptions/7b7e49fa-4e7f-4873-9be8-3ce6b4dc1caf/resourceGroups/et-appgw-poc/providers/Microsoft.Network/virtualNetworks/internal-vnet/subnets/app-subnet",
            "timeouts": null
          },
          "sensitive_attributes": [],
          "private": "eyJlMmJmYjczMC1lY2FhLTExZTYtOGY4OC0zNDM2M2JjN2M0YzAiOnsiY3JlYXRlIjoxODAwMDAwMDAwMDAwLCJkZWxldGUiOjE4MDAwMDAwMDAwMDAsInJlYWQiOjMwMDAwMDAwMDAwMH19",
          "dependencies": [
            "azurerm_network_security_group.app_nsg",
            "azurerm_resource_group.main",
            "azurerm_subnet.app_subnet",
            "azurerm_virtual_network.internal_vnet"
          ]
        }
      ]
    },
    {
      "mode": "managed",
      "type": "azurerm_virtual_network",
      "name": "internal_vnet",
      "provider": "provider[\"registry.terraform.io/hashicorp/azurerm\"]",
      "instances": [
        {
          "schema_version": 0,
          "attributes": {
            "address_space": [
              "172.16.0.0/16"
            ],
            "bgp_community": "",
            "ddos_protection_plan": [],
            "dns_servers": [],
            "edge_zone": "",
            "encryption": [],
            "flow_timeout_in_minutes": 0,
            "guid": "7867ca77-140e-4ef1-bcf4-fdc334fa9b5a",
            "id": "/subscriptions/7b7e49fa-4e7f-4873-9be8-3ce6b4dc1caf/resourceGroups/et-appgw-poc/providers/Microsoft.Network/virtualNetworks/internal-vnet",
            "location": "eastus2",
            "name": "internal-vnet",
            "resource_group_name": "et-appgw-poc",
            "subnet": [
              {
                "address_prefixes": [
                  "172.16.0.0/24"
                ],
                "default_outbound_access_enabled": true,
                "delegation": [],
                "id": "/subscriptions/7b7e49fa-4e7f-4873-9be8-3ce6b4dc1caf/resourceGroups/et-appgw-poc/providers/Microsoft.Network/virtualNetworks/internal-vnet/subnets/app-subnet",
                "name": "app-subnet",
                "private_endpoint_network_policies": "Disabled",
                "private_link_service_network_policies_enabled": true,
                "route_table_id": "/subscriptions/7b7e49fa-4e7f-4873-9be8-3ce6b4dc1caf/resourceGroups/et-appgw-poc/providers/Microsoft.Network/routeTables/rt-app-subnet",
                "security_group": "/subscriptions/7b7e49fa-4e7f-4873-9be8-3ce6b4dc1caf/resourceGroups/et-appgw-poc/providers/Microsoft.Network/networkSecurityGroups/workload-nsg",
                "service_endpoint_policy_ids": [],
                "service_endpoints": []
              }
            ],
            "tags": {},
            "timeouts": null
          },
          "sensitive_attributes": [],
          "private": "eyJlMmJmYjczMC1lY2FhLTExZTYtOGY4OC0zNDM2M2JjN2M0YzAiOnsiY3JlYXRlIjoxODAwMDAwMDAwMDAwLCJkZWxldGUiOjE4MDAwMDAwMDAwMDAsInJlYWQiOjMwMDAwMDAwMDAwMCwidXBkYXRlIjoxODAwMDAwMDAwMDAwfX0=",
          "dependencies": [
            "azurerm_resource_group.main"
          ]
        }
      ]
    },
    {
      "mode": "managed",
      "type": "azurerm_virtual_network",
      "name": "routable_vnet",
      "provider": "provider[\"registry.terraform.io/hashicorp/azurerm\"]",
      "instances": [
        {
          "schema_version": 0,
          "attributes": {
            "address_space": [
              "10.0.0.0/16"
            ],
            "bgp_community": "",
            "ddos_protection_plan": [],
            "dns_servers": [],
            "edge_zone": "",
            "encryption": [],
            "flow_timeout_in_minutes": 0,
            "guid": "e27908a3-d55d-44be-ac65-8524ce8141eb",
            "id": "/subscriptions/7b7e49fa-4e7f-4873-9be8-3ce6b4dc1caf/resourceGroups/et-appgw-poc/providers/Microsoft.Network/virtualNetworks/routable-vnet",
            "location": "eastus2",
            "name": "routable-vnet",
            "resource_group_name": "et-appgw-poc",
            "subnet": [
              {
                "address_prefixes": [
                  "10.0.1.0/24"
                ],
                "default_outbound_access_enabled": true,
                "delegation": [],
                "id": "/subscriptions/7b7e49fa-4e7f-4873-9be8-3ce6b4dc1caf/resourceGroups/et-appgw-poc/providers/Microsoft.Network/virtualNetworks/routable-vnet/subnets/appgw-subnet",
                "name": "appgw-subnet",
                "private_endpoint_network_policies": "Disabled",
                "private_link_service_network_policies_enabled": true,
                "route_table_id": "",
                "security_group": "/subscriptions/7b7e49fa-4e7f-4873-9be8-3ce6b4dc1caf/resourceGroups/et-appgw-poc/providers/Microsoft.Network/networkSecurityGroups/routable-vnet-appgw-subnet-nsg-eastus2",
                "service_endpoint_policy_ids": [],
                "service_endpoints": []
              },
              {
                "address_prefixes": [
                  "10.0.2.0/24"
                ],
                "default_outbound_access_enabled": true,
                "delegation": [],
                "id": "/subscriptions/7b7e49fa-4e7f-4873-9be8-3ce6b4dc1caf/resourceGroups/et-appgw-poc/providers/Microsoft.Network/virtualNetworks/routable-vnet/subnets/workload-subnet",
                "name": "workload-subnet",
                "private_endpoint_network_policies": "Disabled",
                "private_link_service_network_policies_enabled": true,
                "route_table_id": "",
                "security_group": "/subscriptions/7b7e49fa-4e7f-4873-9be8-3ce6b4dc1caf/resourceGroups/et-appgw-poc/providers/Microsoft.Network/networkSecurityGroups/routable-vnet-workload-subnet-nsg-eastus2",
                "service_endpoint_policy_ids": [],
                "service_endpoints": []
              }
            ],
            "tags": {},
            "timeouts": null
          },
          "sensitive_attributes": [],
          "private": "eyJlMmJmYjczMC1lY2FhLTExZTYtOGY4OC0zNDM2M2JjN2M0YzAiOnsiY3JlYXRlIjoxODAwMDAwMDAwMDAwLCJkZWxldGUiOjE4MDAwMDAwMDAwMDAsInJlYWQiOjMwMDAwMDAwMDAwMCwidXBkYXRlIjoxODAwMDAwMDAwMDAwfX0=",
          "dependencies": [
            "azurerm_resource_group.main"
          ]
        }
      ]
    },
    {
      "mode": "managed",
      "type": "azurerm_virtual_network_peering",
      "name": "internal_to_routable",
      "provider": "provider[\"registry.terraform.io/hashicorp/azurerm\"]",
      "instances": [
        {
          "schema_version": 0,
          "attributes": {
            "allow_forwarded_traffic": false,
            "allow_gateway_transit": false,
            "allow_virtual_network_access": true,
            "id": "/subscriptions/7b7e49fa-4e7f-4873-9be8-3ce6b4dc1caf/resourceGroups/et-appgw-poc/providers/Microsoft.Network/virtualNetworks/internal-vnet/virtualNetworkPeerings/internal-to-routable",
            "local_subnet_names": [],
            "name": "internal-to-routable",
            "only_ipv6_peering_enabled": false,
            "peer_complete_virtual_networks_enabled": true,
            "remote_subnet_names": [],
            "remote_virtual_network_id": "/subscriptions/7b7e49fa-4e7f-4873-9be8-3ce6b4dc1caf/resourceGroups/et-appgw-poc/providers/Microsoft.Network/virtualNetworks/routable-vnet",
            "resource_group_name": "et-appgw-poc",
            "timeouts": null,
            "triggers": null,
            "use_remote_gateways": false,
            "virtual_network_name": "internal-vnet"
          },
          "sensitive_attributes": [],
          "private": "eyJlMmJmYjczMC1lY2FhLTExZTYtOGY4OC0zNDM2M2JjN2M0YzAiOnsiY3JlYXRlIjoxODAwMDAwMDAwMDAwLCJkZWxldGUiOjE4MDAwMDAwMDAwMDAsInJlYWQiOjMwMDAwMDAwMDAwMCwidXBkYXRlIjoxODAwMDAwMDAwMDAwfX0=",
          "dependencies": [
            "azurerm_resource_group.main",
            "azurerm_virtual_network.internal_vnet",
            "azurerm_virtual_network.routable_vnet"
          ]
        }
      ]
    },
    {
      "mode": "managed",
      "type": "azurerm_virtual_network_peering",
      "name": "routable_to_internal",
      "provider": "provider[\"registry.terraform.io/hashicorp/azurerm\"]",
      "instances": [
        {
          "schema_version": 0,
          "attributes": {
            "allow_forwarded_traffic": false,
            "allow_gateway_transit": false,
            "allow_virtual_network_access": true,
            "id": "/subscriptions/7b7e49fa-4e7f-4873-9be8-3ce6b4dc1caf/resourceGroups/et-appgw-poc/providers/Microsoft.Network/virtualNetworks/routable-vnet/virtualNetworkPeerings/routable-to-internal",
            "local_subnet_names": [],
            "name": "routable-to-internal",
            "only_ipv6_peering_enabled": false,
            "peer_complete_virtual_networks_enabled": true,
            "remote_subnet_names": [],
            "remote_virtual_network_id": "/subscriptions/7b7e49fa-4e7f-4873-9be8-3ce6b4dc1caf/resourceGroups/et-appgw-poc/providers/Microsoft.Network/virtualNetworks/internal-vnet",
            "resource_group_name": "et-appgw-poc",
            "timeouts": null,
            "triggers": null,
            "use_remote_gateways": false,
            "virtual_network_name": "routable-vnet"
          },
          "sensitive_attributes": [],
          "private": "eyJlMmJmYjczMC1lY2FhLTExZTYtOGY4OC0zNDM2M2JjN2M0YzAiOnsiY3JlYXRlIjoxODAwMDAwMDAwMDAwLCJkZWxldGUiOjE4MDAwMDAwMDAwMDAsInJlYWQiOjMwMDAwMDAwMDAwMCwidXBkYXRlIjoxODAwMDAwMDAwMDAwfX0=",
          "dependencies": [
            "azurerm_resource_group.main",
            "azurerm_virtual_network.internal_vnet",
            "azurerm_virtual_network.routable_vnet"
          ]
        }
      ]
    },
    {
      "mode": "managed",
      "type": "azurerm_windows_virtual_machine",
      "name": "windows_web_server",
      "provider": "provider[\"registry.terraform.io/hashicorp/azurerm\"]",
      "instances": [
        {
          "schema_version": 0,
          "attributes": {
            "additional_capabilities": [],
            "additional_unattend_content": [],
            "admin_password": "P@ssw0rd12345!",
            "admin_username": "azureuser",
            "allow_extension_operations": true,
            "availability_set_id": "",
            "boot_diagnostics": [],
            "bypass_platform_safety_checks_on_user_schedule_enabled": true,
            "capacity_reservation_group_id": "",
            "computer_name": "winweb",
            "custom_data": null,
            "dedicated_host_group_id": "",
            "dedicated_host_id": "",
            "disk_controller_type": "",
            "edge_zone": "",
            "enable_automatic_updates": true,
            "encryption_at_host_enabled": false,
            "eviction_policy": "",
            "extensions_time_budget": "PT1H30M",
            "gallery_application": [],
            "hotpatching_enabled": false,
            "id": "/subscriptions/7b7e49fa-4e7f-4873-9be8-3ce6b4dc1caf/resourceGroups/et-appgw-poc/providers/Microsoft.Compute/virtualMachines/windows-web-server",
            "identity": [],
            "license_type": "",
            "location": "eastus2",
            "max_bid_price": -1,
            "name": "windows-web-server",
            "network_interface_ids": [
              "/subscriptions/7b7e49fa-4e7f-4873-9be8-3ce6b4dc1caf/resourceGroups/et-appgw-poc/providers/Microsoft.Network/networkInterfaces/windows-web-nic"
            ],
            "os_disk": [
              {
                "caching": "ReadWrite",
                "diff_disk_settings": [],
                "disk_encryption_set_id": "",
                "disk_size_gb": 127,
                "name": "windowswebosdisk",
                "secure_vm_disk_encryption_set_id": "",
                "security_encryption_type": "",
                "storage_account_type": "Standard_LRS",
                "write_accelerator_enabled": false
              }
            ],
            "os_image_notification": [],
            "patch_assessment_mode": "AutomaticByPlatform",
            "patch_mode": "AutomaticByPlatform",
            "plan": [],
            "platform_fault_domain": -1,
            "priority": "Regular",
            "private_ip_address": "172.16.0.4",
            "private_ip_addresses": [
              "172.16.0.4"
            ],
            "provision_vm_agent": true,
            "proximity_placement_group_id": "",
            "public_ip_address": "",
            "public_ip_addresses": [],
            "reboot_setting": "",
            "resource_group_name": "et-appgw-poc",
            "secret": [],
            "secure_boot_enabled": false,
            "size": "Standard_B2ms",
            "source_image_id": "",
            "source_image_reference": [
              {
                "offer": "WindowsServer",
                "publisher": "MicrosoftWindowsServer",
                "sku": "2019-Datacenter",
                "version": "latest"
              }
            ],
            "tags": {
              "environment": "dev"
            },
            "termination_notification": [],
            "timeouts": null,
            "timezone": "",
            "user_data": "",
            "virtual_machine_id": "fccec429-2a37-4204-be0e-79c8d741ba7c",
            "virtual_machine_scale_set_id": "",
            "vm_agent_platform_updates_enabled": false,
            "vtpm_enabled": false,
            "winrm_listener": [],
            "zone": ""
          },
          "sensitive_attributes": [],
          "private": "eyJlMmJmYjczMC1lY2FhLTExZTYtOGY4OC0zNDM2M2JjN2M0YzAiOnsiY3JlYXRlIjoyNzAwMDAwMDAwMDAwLCJkZWxldGUiOjI3MDAwMDAwMDAwMDAsInJlYWQiOjMwMDAwMDAwMDAwMCwidXBkYXRlIjoyNzAwMDAwMDAwMDAwfX0=",
          "dependencies": [
            "azurerm_network_interface.windows_web_nic",
            "azurerm_resource_group.main",
            "azurerm_subnet.app_subnet",
            "azurerm_virtual_network.internal_vnet"
          ]
        }
      ]
    }
  ],
  "check_results": null
}
